
Microsoft Visual Studio Solution File, Format Version 12.00
# Visual Studio 15
VisualStudioVersion = 15.0.27004.2002
MinimumVisualStudioVersion = 10.0.40219.1
Project("{FAE04EC0-301F-11D3-BF4B-00C04F79EFBC}") = "HELLO", "HELLO\HELLO.csproj", "{DBE65B6E-3746-4E47-BFD5-476C20B7DF62}"
EndProject
Global
	GlobalSection(SolutionConfigurationPlatforms) = preSolution
		Debug|Any CPU = Debug|Any CPU
		Release|Any CPU = Release|Any CPU
	EndGlobalSection
	GlobalSection(ProjectConfigurationPlatforms) = postSolution
		{DBE65B6E-3746-4E47-BFD5-476C20B7DF62}.Debug|Any CPU.ActiveCfg = Debug|Any CPU
		{DBE65B6E-3746-4E47-BFD5-476C20B7DF62}.Debug|Any CPU.Build.0 = Debug|Any CPU
		{DBE65B6E-3746-4E47-BFD5-476C20B7DF62}.Release|Any CPU.ActiveCfg = Release|Any CPU
		{DBE65B6E-3746-4E47-BFD5-476C20B7DF62}.Release|Any CPU.Build.0 = Release|Any CPU
	EndGlobalSection
	GlobalSection(SolutionProperties) = preSolution
		HideSolutionNode = FALSE
	EndGlobalSection
	GlobalSection(ExtensibilityGlobals) = postSolution
		SolutionGuid = {75CACC75-5C67-4A3E-9BD4-47DDADA0F009}
	EndGlobalSection
EndGlobal
